
Microsoft Visual Studio Solution File, Format Version 12.00
# Visual Studio Version 17
VisualStudioVersion = 17.0.31903.59
MinimumVisualStudioVersion = 10.0.40219.1
Project("{2150E333-8FDC-42A3-9474-1A3956D46DE8}") = "src", "src", "{827E0CD3-B72D-47B6-A68D-7590B98EB39B}"
EndProject
Project("{2150E333-8FDC-42A3-9474-1A3956D46DE8}") = "tests", "tests", "{0AB3BF05-4346-4AA6-1389-037BE0695223}"
EndProject
Project("{FAE04EC0-301F-11D3-BF4B-00C04F79EFBC}") = "Joaoaalves.FastCQRS.Abstractions", "src\Joaoaalves.FastCQRS.Abstractions\Joaoaalves.FastCQRS.Abstractions.csproj", "{4105D3B0-255A-4332-8D65-ECF4BB62AE4A}"
EndProject
Project("{FAE04EC0-301F-11D3-BF4B-00C04F79EFBC}") = "Joaoaalves.FastCQRS.Core", "src\Joaoaalves.FastCQRS.Core\Joaoaalves.FastCQRS.Core.csproj", "{2412C919-258D-4FCE-819A-7380F7C00B45}"
EndProject
Project("{FAE04EC0-301F-11D3-BF4B-00C04F79EFBC}") = "Joaoaalves.FastCQRS.Persistence", "src\Joaoaalves.FastCQRS.Persistence\Joaoaalves.FastCQRS.Persistence.csproj", "{894D364D-3025-4FC1-9EC1-2D04849DC2D3}"
EndProject
Project("{FAE04EC0-301F-11D3-BF4B-00C04F79EFBC}") = "Joaoaalves.FastCQRS.Persistence.EntityFramework", "src\Joaoaalves.FastCQRS.Persistence.EntityFramework\Joaoaalves.FastCQRS.Persistence.EntityFramework.csproj", "{B85A54BF-FD0E-415F-8582-617EFEB49B81}"
EndProject
Project("{FAE04EC0-301F-11D3-BF4B-00C04F79EFBC}") = "Joaoaalves.FastCQRS.Core.Tests", "tests\Joaoaalves.FastCQRS.Core.Tests\Joaoaalves.FastCQRS.Core.Tests.csproj", "{2DCD0AC5-7642-48CC-B207-E53A10DD8988}"
EndProject
Project("{FAE04EC0-301F-11D3-BF4B-00C04F79EFBC}") = "Joaoaalves.FastCQRS.Persistence.EntityFramework.Tests", "tests\Joaoaalves.FastCQRS.Persistence.EntityFramework.Tests\Joaoaalves.FastCQRS.Persistence.EntityFramework.Tests.csproj", "{5D9862F4-CBA5-4464-BE89-5231B14B33D3}"
EndProject
Project("{FAE04EC0-301F-11D3-BF4B-00C04F79EFBC}") = "Joaoaalves.FastCQRS.Persistence.Tests", "tests\Joaoaalves.FastCQRS.Persistence.Tests\Joaoaalves.FastCQRS.Persistence.Tests.csproj", "{1706123D-ECDA-411E-B56E-360FB84D0273}"
EndProject
Global
	GlobalSection(SolutionConfigurationPlatforms) = preSolution
		Debug|Any CPU = Debug|Any CPU
		Debug|x64 = Debug|x64
		Debug|x86 = Debug|x86
		Release|Any CPU = Release|Any CPU
		Release|x64 = Release|x64
		Release|x86 = Release|x86
	EndGlobalSection
	GlobalSection(ProjectConfigurationPlatforms) = postSolution
		{4105D3B0-255A-4332-8D65-ECF4BB62AE4A}.Debug|Any CPU.ActiveCfg = Debug|Any CPU
		{4105D3B0-255A-4332-8D65-ECF4BB62AE4A}.Debug|Any CPU.Build.0 = Debug|Any CPU
		{4105D3B0-255A-4332-8D65-ECF4BB62AE4A}.Debug|x64.ActiveCfg = Debug|Any CPU
		{4105D3B0-255A-4332-8D65-ECF4BB62AE4A}.Debug|x64.Build.0 = Debug|Any CPU
		{4105D3B0-255A-4332-8D65-ECF4BB62AE4A}.Debug|x86.ActiveCfg = Debug|Any CPU
		{4105D3B0-255A-4332-8D65-ECF4BB62AE4A}.Debug|x86.Build.0 = Debug|Any CPU
		{4105D3B0-255A-4332-8D65-ECF4BB62AE4A}.Release|Any CPU.ActiveCfg = Release|Any CPU
		{4105D3B0-255A-4332-8D65-ECF4BB62AE4A}.Release|Any CPU.Build.0 = Release|Any CPU
		{4105D3B0-255A-4332-8D65-ECF4BB62AE4A}.Release|x64.ActiveCfg = Release|Any CPU
		{4105D3B0-255A-4332-8D65-ECF4BB62AE4A}.Release|x64.Build.0 = Release|Any CPU
		{4105D3B0-255A-4332-8D65-ECF4BB62AE4A}.Release|x86.ActiveCfg = Release|Any CPU
		{4105D3B0-255A-4332-8D65-ECF4BB62AE4A}.Release|x86.Build.0 = Release|Any CPU
		{2412C919-258D-4FCE-819A-7380F7C00B45}.Debug|Any CPU.ActiveCfg = Debug|Any CPU
		{2412C919-258D-4FCE-819A-7380F7C00B45}.Debug|Any CPU.Build.0 = Debug|Any CPU
		{2412C919-258D-4FCE-819A-7380F7C00B45}.Debug|x64.ActiveCfg = Debug|Any CPU
		{2412C919-258D-4FCE-819A-7380F7C00B45}.Debug|x64.Build.0 = Debug|Any CPU
		{2412C919-258D-4FCE-819A-7380F7C00B45}.Debug|x86.ActiveCfg = Debug|Any CPU
		{2412C919-258D-4FCE-819A-7380F7C00B45}.Debug|x86.Build.0 = Debug|Any CPU
		{2412C919-258D-4FCE-819A-7380F7C00B45}.Release|Any CPU.ActiveCfg = Release|Any CPU
		{2412C919-258D-4FCE-819A-7380F7C00B45}.Release|Any CPU.Build.0 = Release|Any CPU
		{2412C919-258D-4FCE-819A-7380F7C00B45}.Release|x64.ActiveCfg = Release|Any CPU
		{2412C919-258D-4FCE-819A-7380F7C00B45}.Release|x64.Build.0 = Release|Any CPU
		{2412C919-258D-4FCE-819A-7380F7C00B45}.Release|x86.ActiveCfg = Release|Any CPU
		{2412C919-258D-4FCE-819A-7380F7C00B45}.Release|x86.Build.0 = Release|Any CPU
		{894D364D-3025-4FC1-9EC1-2D04849DC2D3}.Debug|Any CPU.ActiveCfg = Debug|Any CPU
		{894D364D-3025-4FC1-9EC1-2D04849DC2D3}.Debug|Any CPU.Build.0 = Debug|Any CPU
		{894D364D-3025-4FC1-9EC1-2D04849DC2D3}.Debug|x64.ActiveCfg = Debug|Any CPU
		{894D364D-3025-4FC1-9EC1-2D04849DC2D3}.Debug|x64.Build.0 = Debug|Any CPU
		{894D364D-3025-4FC1-9EC1-2D04849DC2D3}.Debug|x86.ActiveCfg = Debug|Any CPU
		{894D364D-3025-4FC1-9EC1-2D04849DC2D3}.Debug|x86.Build.0 = Debug|Any CPU
		{894D364D-3025-4FC1-9EC1-2D04849DC2D3}.Release|Any CPU.ActiveCfg = Release|Any CPU
		{894D364D-3025-4FC1-9EC1-2D04849DC2D3}.Release|Any CPU.Build.0 = Release|Any CPU
		{894D364D-3025-4FC1-9EC1-2D04849DC2D3}.Release|x64.ActiveCfg = Release|Any CPU
		{894D364D-3025-4FC1-9EC1-2D04849DC2D3}.Release|x64.Build.0 = Release|Any CPU
		{894D364D-3025-4FC1-9EC1-2D04849DC2D3}.Release|x86.ActiveCfg = Release|Any CPU
		{894D364D-3025-4FC1-9EC1-2D04849DC2D3}.Release|x86.Build.0 = Release|Any CPU
		{B85A54BF-FD0E-415F-8582-617EFEB49B81}.Debug|Any CPU.ActiveCfg = Debug|Any CPU
		{B85A54BF-FD0E-415F-8582-617EFEB49B81}.Debug|Any CPU.Build.0 = Debug|Any CPU
		{B85A54BF-FD0E-415F-8582-617EFEB49B81}.Debug|x64.ActiveCfg = Debug|Any CPU
		{B85A54BF-FD0E-415F-8582-617EFEB49B81}.Debug|x64.Build.0 = Debug|Any CPU
		{B85A54BF-FD0E-415F-8582-617EFEB49B81}.Debug|x86.ActiveCfg = Debug|Any CPU
		{B85A54BF-FD0E-415F-8582-617EFEB49B81}.Debug|x86.Build.0 = Debug|Any CPU
		{B85A54BF-FD0E-415F-8582-617EFEB49B81}.Release|Any CPU.ActiveCfg = Release|Any CPU
		{B85A54BF-FD0E-415F-8582-617EFEB49B81}.Release|Any CPU.Build.0 = Release|Any CPU
		{B85A54BF-FD0E-415F-8582-617EFEB49B81}.Release|x64.ActiveCfg = Release|Any CPU
		{B85A54BF-FD0E-415F-8582-617EFEB49B81}.Release|x64.Build.0 = Release|Any CPU
		{B85A54BF-FD0E-415F-8582-617EFEB49B81}.Release|x86.ActiveCfg = Release|Any CPU
		{B85A54BF-FD0E-415F-8582-617EFEB49B81}.Release|x86.Build.0 = Release|Any CPU
		{2DCD0AC5-7642-48CC-B207-E53A10DD8988}.Debug|Any CPU.ActiveCfg = Debug|Any CPU
		{2DCD0AC5-7642-48CC-B207-E53A10DD8988}.Debug|Any CPU.Build.0 = Debug|Any CPU
		{2DCD0AC5-7642-48CC-B207-E53A10DD8988}.Debug|x64.ActiveCfg = Debug|Any CPU
		{2DCD0AC5-7642-48CC-B207-E53A10DD8988}.Debug|x64.Build.0 = Debug|Any CPU
		{2DCD0AC5-7642-48CC-B207-E53A10DD8988}.Debug|x86.ActiveCfg = Debug|Any CPU
		{2DCD0AC5-7642-48CC-B207-E53A10DD8988}.Debug|x86.Build.0 = Debug|Any CPU
		{2DCD0AC5-7642-48CC-B207-E53A10DD8988}.Release|Any CPU.ActiveCfg = Release|Any CPU
		{2DCD0AC5-7642-48CC-B207-E53A10DD8988}.Release|Any CPU.Build.0 = Release|Any CPU
		{2DCD0AC5-7642-48CC-B207-E53A10DD8988}.Release|x64.ActiveCfg = Release|Any CPU
		{2DCD0AC5-7642-48CC-B207-E53A10DD8988}.Release|x64.Build.0 = Release|Any CPU
		{2DCD0AC5-7642-48CC-B207-E53A10DD8988}.Release|x86.ActiveCfg = Release|Any CPU
		{2DCD0AC5-7642-48CC-B207-E53A10DD8988}.Release|x86.Build.0 = Release|Any CPU
		{5D9862F4-CBA5-4464-BE89-5231B14B33D3}.Debug|Any CPU.ActiveCfg = Debug|Any CPU
		{5D9862F4-CBA5-4464-BE89-5231B14B33D3}.Debug|Any CPU.Build.0 = Debug|Any CPU
		{5D9862F4-CBA5-4464-BE89-5231B14B33D3}.Debug|x64.ActiveCfg = Debug|Any CPU
		{5D9862F4-CBA5-4464-BE89-5231B14B33D3}.Debug|x64.Build.0 = Debug|Any CPU
		{5D9862F4-CBA5-4464-BE89-5231B14B33D3}.Debug|x86.ActiveCfg = Debug|Any CPU
		{5D9862F4-CBA5-4464-BE89-5231B14B33D3}.Debug|x86.Build.0 = Debug|Any CPU
		{5D9862F4-CBA5-4464-BE89-5231B14B33D3}.Release|Any CPU.ActiveCfg = Release|Any CPU
		{5D9862F4-CBA5-4464-BE89-5231B14B33D3}.Release|Any CPU.Build.0 = Release|Any CPU
		{5D9862F4-CBA5-4464-BE89-5231B14B33D3}.Release|x64.ActiveCfg = Release|Any CPU
		{5D9862F4-CBA5-4464-BE89-5231B14B33D3}.Release|x64.Build.0 = Release|Any CPU
		{5D9862F4-CBA5-4464-BE89-5231B14B33D3}.Release|x86.ActiveCfg = Release|Any CPU
		{5D9862F4-CBA5-4464-BE89-5231B14B33D3}.Release|x86.Build.0 = Release|Any CPU
		{1706123D-ECDA-411E-B56E-360FB84D0273}.Debug|Any CPU.ActiveCfg = Debug|Any CPU
		{1706123D-ECDA-411E-B56E-360FB84D0273}.Debug|Any CPU.Build.0 = Debug|Any CPU
		{1706123D-ECDA-411E-B56E-360FB84D0273}.Debug|x64.ActiveCfg = Debug|Any CPU
		{1706123D-ECDA-411E-B56E-360FB84D0273}.Debug|x64.Build.0 = Debug|Any CPU
		{1706123D-ECDA-411E-B56E-360FB84D0273}.Debug|x86.ActiveCfg = Debug|Any CPU
		{1706123D-ECDA-411E-B56E-360FB84D0273}.Debug|x86.Build.0 = Debug|Any CPU
		{1706123D-ECDA-411E-B56E-360FB84D0273}.Release|Any CPU.ActiveCfg = Release|Any CPU
		{1706123D-ECDA-411E-B56E-360FB84D0273}.Release|Any CPU.Build.0 = Release|Any CPU
		{1706123D-ECDA-411E-B56E-360FB84D0273}.Release|x64.ActiveCfg = Release|Any CPU
		{1706123D-ECDA-411E-B56E-360FB84D0273}.Release|x64.Build.0 = Release|Any CPU
		{1706123D-ECDA-411E-B56E-360FB84D0273}.Release|x86.ActiveCfg = Release|Any CPU
		{1706123D-ECDA-411E-B56E-360FB84D0273}.Release|x86.Build.0 = Release|Any CPU
	EndGlobalSection
	GlobalSection(SolutionProperties) = preSolution
		HideSolutionNode = FALSE
	EndGlobalSection
	GlobalSection(NestedProjects) = preSolution
		{4105D3B0-255A-4332-8D65-ECF4BB62AE4A} = {827E0CD3-B72D-47B6-A68D-7590B98EB39B}
		{2412C919-258D-4FCE-819A-7380F7C00B45} = {827E0CD3-B72D-47B6-A68D-7590B98EB39B}
		{894D364D-3025-4FC1-9EC1-2D04849DC2D3} = {827E0CD3-B72D-47B6-A68D-7590B98EB39B}
		{B85A54BF-FD0E-415F-8582-617EFEB49B81} = {827E0CD3-B72D-47B6-A68D-7590B98EB39B}
		{2DCD0AC5-7642-48CC-B207-E53A10DD8988} = {0AB3BF05-4346-4AA6-1389-037BE0695223}
		{5D9862F4-CBA5-4464-BE89-5231B14B33D3} = {0AB3BF05-4346-4AA6-1389-037BE0695223}
		{1706123D-ECDA-411E-B56E-360FB84D0273} = {0AB3BF05-4346-4AA6-1389-037BE0695223}
	EndGlobalSection
EndGlobal
